
Microsoft Visual Studio Solution File, Format Version 12.00
# Visual Studio 14
VisualStudioVersion = 14.0.22823.1
MinimumVisualStudioVersion = 10.0.40219.1
Project("{FAE04EC0-301F-11D3-BF4B-00C04F79EFBC}") = "ConsoleApplication1", "ConsoleApplication1\ConsoleApplication1.csproj", "{FB87DF1A-72EE-4D93-9A6C-7B2F92C66CF9}"
EndProject
Project("{FAE04EC0-301F-11D3-BF4B-00C04F79EFBC}") = "CodeGen", "CodeGen\CodeGen\CodeGen.csproj", "{563B9D68-D5D0-49FC-ABD9-9E27C8CAFDEC}"
EndProject
Project("{FAE04EC0-301F-11D3-BF4B-00C04F79EFBC}") = "CodeGenInput", "CodeGenInput\CodeGenInput.csproj", "{23AC0D9D-6E20-40C2-B704-EF556D91AF74}"
EndProject
Global
	GlobalSection(SolutionConfigurationPlatforms) = preSolution
		Debug|Any CPU = Debug|Any CPU
		Release|Any CPU = Release|Any CPU
	EndGlobalSection
	GlobalSection(ProjectConfigurationPlatforms) = postSolution
		{FB87DF1A-72EE-4D93-9A6C-7B2F92C66CF9}.Debug|Any CPU.ActiveCfg = Debug|Any CPU
		{FB87DF1A-72EE-4D93-9A6C-7B2F92C66CF9}.Debug|Any CPU.Build.0 = Debug|Any CPU
		{FB87DF1A-72EE-4D93-9A6C-7B2F92C66CF9}.Release|Any CPU.ActiveCfg = Release|Any CPU
		{FB87DF1A-72EE-4D93-9A6C-7B2F92C66CF9}.Release|Any CPU.Build.0 = Release|Any CPU
		{563B9D68-D5D0-49FC-ABD9-9E27C8CAFDEC}.Debug|Any CPU.ActiveCfg = Debug|Any CPU
		{563B9D68-D5D0-49FC-ABD9-9E27C8CAFDEC}.Debug|Any CPU.Build.0 = Debug|Any CPU
		{563B9D68-D5D0-49FC-ABD9-9E27C8CAFDEC}.Release|Any CPU.ActiveCfg = Release|Any CPU
		{563B9D68-D5D0-49FC-ABD9-9E27C8CAFDEC}.Release|Any CPU.Build.0 = Release|Any CPU
		{23AC0D9D-6E20-40C2-B704-EF556D91AF74}.Debug|Any CPU.ActiveCfg = Debug|Any CPU
		{23AC0D9D-6E20-40C2-B704-EF556D91AF74}.Debug|Any CPU.Build.0 = Debug|Any CPU
		{23AC0D9D-6E20-40C2-B704-EF556D91AF74}.Release|Any CPU.ActiveCfg = Release|Any CPU
		{23AC0D9D-6E20-40C2-B704-EF556D91AF74}.Release|Any CPU.Build.0 = Release|Any CPU
	EndGlobalSection
	GlobalSection(SolutionProperties) = preSolution
		HideSolutionNode = FALSE
	EndGlobalSection
EndGlobal
